{
  "name": "asp.net",
  "version": "1.0.0",
  "lockfileVersion": 2,
  "requires": true,
  "packages": {
    "": {
      "name": "asp.net",
      "version": "1.0.0",
      "dependencies": {
        "@types/jquery": "3.5.1",
        "@types/lodash": "4.14.199"
      },
      "devDependencies": {}
    },
    "node_modules/@types/jquery": {
      "version": "3.5.1",
      "resolved": "https://registry.npmjs.org/@types/jquery/-/jquery-3.5.1.tgz",
      "integrity": "sha512-Tyctjh56U7eX2b9udu3wG853ASYP0uagChJcQJXLUXEU6C/JiW5qt5dl8ao01VRj1i5pgXPAf8f1mq4+FDLRQg==",
      "dependencies": {
        "@types/sizzle": "*"
      }
    },
    "node_modules/@types/lodash": {
      "version": "4.14.199",
      "resolved": "https://registry.npmjs.org/@types/lodash/-/lodash-4.14.199.tgz",
      "integrity": "sha512-Vrjz5N5Ia4SEzWWgIVwnHNEnb1UE1XMkvY5DGXrAeOGE9imk0hgTHh5GyDjLDJi9OTCn9oo9dXH1uToK1VRfrg=="
    },
    "node_modules/@types/sizzle": {
      "version": "2.3.4",
      "resolved": "https://registry.npmjs.org/@types/sizzle/-/sizzle-2.3.4.tgz",
      "integrity": "sha512-jA2llq2zNkg8HrALI7DtWzhALcVH0l7i89yhY3iBdOz6cBPeACoFq+fkQrjHA39t1hnSFOboZ7A/AY5MMZSlag=="
    }
  },
  "dependencies": {
    "@types/jquery": {
      "version": "3.5.1",
      "resolved": "https://registry.npmjs.org/@types/jquery/-/jquery-3.5.1.tgz",
      "integrity": "sha512-Tyctjh56U7eX2b9udu3wG853ASYP0uagChJcQJXLUXEU6C/JiW5qt5dl8ao01VRj1i5pgXPAf8f1mq4+FDLRQg==",
      "requires": {
        "@types/sizzle": "*"
      }
    },
    "@types/lodash": {
      "version": "4.14.199",
      "resolved": "https://registry.npmjs.org/@types/lodash/-/lodash-4.14.199.tgz",
      "integrity": "sha512-Vrjz5N5Ia4SEzWWgIVwnHNEnb1UE1XMkvY5DGXrAeOGE9imk0hgTHh5GyDjLDJi9OTCn9oo9dXH1uToK1VRfrg=="
    },
    "@types/sizzle": {
      "version": "2.3.4",
      "resolved": "https://registry.npmjs.org/@types/sizzle/-/sizzle-2.3.4.tgz",
      "integrity": "sha512-jA2llq2zNkg8HrALI7DtWzhALcVH0l7i89yhY3iBdOz6cBPeACoFq+fkQrjHA39t1hnSFOboZ7A/AY5MMZSlag=="
    }
  }
}
