
Microsoft Visual Studio Solution File, Format Version 12.00
# Visual Studio Version 17
VisualStudioVersion = 17.5.33530.505
MinimumVisualStudioVersion = 10.0.40219.1
Project("{FAE04EC0-301F-11D3-BF4B-00C04F79EFBC}") = "SEA_ApiTest", "SEA_ApiTest.csproj", "{76662CD9-4F4A-48D6-99B1-789E429F8FE6}"
EndProject
Global
	GlobalSection(SolutionConfigurationPlatforms) = preSolution
		Debug|Any CPU = Debug|Any CPU
		Release|Any CPU = Release|Any CPU
	EndGlobalSection
	GlobalSection(ProjectConfigurationPlatforms) = postSolution
		{76662CD9-4F4A-48D6-99B1-789E429F8FE6}.Debug|Any CPU.ActiveCfg = Debug|Any CPU
		{76662CD9-4F4A-48D6-99B1-789E429F8FE6}.Debug|Any CPU.Build.0 = Debug|Any CPU
		{76662CD9-4F4A-48D6-99B1-789E429F8FE6}.Release|Any CPU.ActiveCfg = Release|Any CPU
		{76662CD9-4F4A-48D6-99B1-789E429F8FE6}.Release|Any CPU.Build.0 = Release|Any CPU
	EndGlobalSection
	GlobalSection(SolutionProperties) = preSolution
		HideSolutionNode = FALSE
	EndGlobalSection
	GlobalSection(ExtensibilityGlobals) = postSolution
		SolutionGuid = {3301CDBC-7AF7-447D-BE24-EEBE98C8AA7D}
	EndGlobalSection
EndGlobal
